
Microsoft Visual Studio Solution File, Format Version 12.00
# Visual Studio Version 17
VisualStudioVersion = 17.3.32922.545
MinimumVisualStudioVersion = 10.0.40219.1
Project("{9A19103F-16F7-4668-BE54-9A1E7A4F7556}") = "eHouse", "eHouse\eHouse.csproj", "{4F050121-EAB7-420D-A05B-5BD3C4FE9721}"
EndProject
Global
	GlobalSection(SolutionConfigurationPlatforms) = preSolution
		Debug|Any CPU = Debug|Any CPU
		Release|Any CPU = Release|Any CPU
	EndGlobalSection
	GlobalSection(ProjectConfigurationPlatforms) = postSolution
		{4F050121-EAB7-420D-A05B-5BD3C4FE9721}.Debug|Any CPU.ActiveCfg = Debug|Any CPU
		{4F050121-EAB7-420D-A05B-5BD3C4FE9721}.Debug|Any CPU.Build.0 = Debug|Any CPU
		{4F050121-EAB7-420D-A05B-5BD3C4FE9721}.Release|Any CPU.ActiveCfg = Release|Any CPU
		{4F050121-EAB7-420D-A05B-5BD3C4FE9721}.Release|Any CPU.Build.0 = Release|Any CPU
	EndGlobalSection
	GlobalSection(SolutionProperties) = preSolution
		HideSolutionNode = FALSE
	EndGlobalSection
	GlobalSection(ExtensibilityGlobals) = postSolution
		SolutionGuid = {5A7FD7D2-8E10-4F79-8955-27D46664CFB4}
	EndGlobalSection
EndGlobal
